
Microsoft Visual Studio Solution File, Format Version 12.00
# Visual Studio 15
VisualStudioVersion = 15.0.26228.10
MinimumVisualStudioVersion = 10.0.40219.1
Project("{FAE04EC0-301F-11D3-BF4B-00C04F79EFBC}") = "5_2_26", "5_2_26.csproj", "{96EA0F0C-2679-4C50-A54F-881BFE8B883A}"
EndProject
Global
	GlobalSection(SolutionConfigurationPlatforms) = preSolution
		Debug|Any CPU = Debug|Any CPU
		Release|Any CPU = Release|Any CPU
	EndGlobalSection
	GlobalSection(ProjectConfigurationPlatforms) = postSolution
		{96EA0F0C-2679-4C50-A54F-881BFE8B883A}.Debug|Any CPU.ActiveCfg = Debug|Any CPU
		{96EA0F0C-2679-4C50-A54F-881BFE8B883A}.Debug|Any CPU.Build.0 = Debug|Any CPU
		{96EA0F0C-2679-4C50-A54F-881BFE8B883A}.Release|Any CPU.ActiveCfg = Release|Any CPU
		{96EA0F0C-2679-4C50-A54F-881BFE8B883A}.Release|Any CPU.Build.0 = Release|Any CPU
	EndGlobalSection
	GlobalSection(SolutionProperties) = preSolution
		HideSolutionNode = FALSE
	EndGlobalSection
EndGlobal
